// !$*UTF8*$!
{
	archiveVersion = 1;
	classes = {
	};
	objectVersion = 55;
	objects = {

/* Begin PBXBuildFile section */
		460BF1DD28859C2100BD17D0 /* AppDelegate.swift in Sources */ = {isa = PBXBuildFile; fileRef = 460BF1DC28859C2100BD17D0 /* AppDelegate.swift */; };
		460BF1DF28859C2100BD17D0 /* SceneDelegate.swift in Sources */ = {isa = PBXBuildFile; fileRef = 460BF1DE28859C2100BD17D0 /* SceneDelegate.swift */; };
		460BF1E128859C2100BD17D0 /* ViewController.swift in Sources */ = {isa = PBXBuildFile; fileRef = 460BF1E028859C2100BD17D0 /* ViewController.swift */; };
		460BF1E428859C2100BD17D0 /* Main.storyboard in Resources */ = {isa = PBXBuildFile; fileRef = 460BF1E228859C2100BD17D0 /* Main.storyboard */; };
		460BF1E728859C2100BD17D0 /* Florit.xcdatamodeld in Sources */ = {isa = PBXBuildFile; fileRef = 460BF1E528859C2100BD17D0 /* Florit.xcdatamodeld */; };
		460BF1E928859C2400BD17D0 /* Assets.xcassets in Resources */ = {isa = PBXBuildFile; fileRef = 460BF1E828859C2400BD17D0 /* Assets.xcassets */; };
		460BF1EC28859C2400BD17D0 /* LaunchScreen.storyboard in Resources */ = {isa = PBXBuildFile; fileRef = 460BF1EA28859C2400BD17D0 /* LaunchScreen.storyboard */; };
		460BF1F728859C2400BD17D0 /* FloritTests.swift in Sources */ = {isa = PBXBuildFile; fileRef = 460BF1F628859C2400BD17D0 /* FloritTests.swift */; };
		460BF20128859C2500BD17D0 /* FloritUITests.swift in Sources */ = {isa = PBXBuildFile; fileRef = 460BF20028859C2500BD17D0 /* FloritUITests.swift */; };
		460BF20328859C2500BD17D0 /* FloritUITestsLaunchTests.swift in Sources */ = {isa = PBXBuildFile; fileRef = 460BF20228859C2500BD17D0 /* FloritUITestsLaunchTests.swift */; };
		4669158A288FECBA0022A8DA /* FlowerClassifier.mlmodel in Sources */ = {isa = PBXBuildFile; fileRef = 46691589288FECBA0022A8DA /* FlowerClassifier.mlmodel */; };
		5B8ADFEAF8045AE4148B29D3 /* Pods_FloritTests.framework in Frameworks */ = {isa = PBXBuildFile; fileRef = BFC8BE7945C368723A4D959B /* Pods_FloritTests.framework */; };
		5D80C2BCFED6F1079C08E747 /* Pods_Florit_FloritUITests.framework in Frameworks */ = {isa = PBXBuildFile; fileRef = 4DA5EC164345FBC5E9C7BE77 /* Pods_Florit_FloritUITests.framework */; };
		BC1A9C147DCA5A81BE0B8D11 /* Pods_Florit.framework in Frameworks */ = {isa = PBXBuildFile; fileRef = D4DC17687BBDA3EE01A3F976 /* Pods_Florit.framework */; };
/* End PBXBuildFile section */

/* Begin PBXContainerItemProxy section */
		460BF1F328859C2400BD17D0 /* PBXContainerItemProxy */ = {
			isa = PBXContainerItemProxy;
			containerPortal = 460BF1D128859C2100BD17D0 /* Project object */;
			proxyType = 1;
			remoteGlobalIDString = 460BF1D828859C2100BD17D0;
			remoteInfo = Florit;
		};
		460BF1FD28859C2500BD17D0 /* PBXContainerItemProxy */ = {
			isa = PBXContainerItemProxy;
			containerPortal = 460BF1D128859C2100BD17D0 /* Project object */;
			proxyType = 1;
			remoteGlobalIDString = 460BF1D828859C2100BD17D0;
			remoteInfo = Florit;
		};
/* End PBXContainerItemProxy section */

/* Begin PBXFileReference section */
		460BF1D928859C2100BD17D0 /* Florit.app */ = {isa = PBXFileReference; explicitFileType = wrapper.application; includeInIndex = 0; path = Florit.app; sourceTree = BUILT_PRODUCTS_DIR; };
		460BF1DC28859C2100BD17D0 /* AppDelegate.swift */ = {isa = PBXFileReference; lastKnownFileType = sourcecode.swift; path = AppDelegate.swift; sourceTree = "<group>"; };
		460BF1DE28859C2100BD17D0 /* SceneDelegate.swift */ = {isa = PBXFileReference; lastKnownFileType = sourcecode.swift; path = SceneDelegate.swift; sourceTree = "<group>"; };
		460BF1E028859C2100BD17D0 /* ViewController.swift */ = {isa = PBXFileReference; lastKnownFileType = sourcecode.swift; path = ViewController.swift; sourceTree = "<group>"; };
		460BF1E328859C2100BD17D0 /* Base */ = {isa = PBXFileReference; lastKnownFileType = file.storyboard; name = Base; path = Base.lproj/Main.storyboard; sourceTree = "<group>"; };
		460BF1E628859C2100BD17D0 /* Florit.xcdatamodel */ = {isa = PBXFileReference; lastKnownFileType = wrapper.xcdatamodel; path = Florit.xcdatamodel; sourceTree = "<group>"; };
		460BF1E828859C2400BD17D0 /* Assets.xcassets */ = {isa = PBXFileReference; lastKnownFileType = folder.assetcatalog; path = Assets.xcassets; sourceTree = "<group>"; };
		460BF1EB28859C2400BD17D0 /* Base */ = {isa = PBXFileReference; lastKnownFileType = file.storyboard; name = Base; path = Base.lproj/LaunchScreen.storyboard; sourceTree = "<group>"; };
		460BF1ED28859C2400BD17D0 /* Info.plist */ = {isa = PBXFileReference; lastKnownFileType = text.plist.xml; path = Info.plist; sourceTree = "<group>"; };
		460BF1F228859C2400BD17D0 /* FloritTests.xctest */ = {isa = PBXFileReference; explicitFileType = wrapper.cfbundle; includeInIndex = 0; path = FloritTests.xctest; sourceTree = BUILT_PRODUCTS_DIR; };
		460BF1F628859C2400BD17D0 /* FloritTests.swift */ = {isa = PBXFileReference; lastKnownFileType = sourcecode.swift; path = FloritTests.swift; sourceTree = "<group>"; };
		460BF1FC28859C2500BD17D0 /* FloritUITests.xctest */ = {isa = PBXFileReference; explicitFileType = wrapper.cfbundle; includeInIndex = 0; path = FloritUITests.xctest; sourceTree = BUILT_PRODUCTS_DIR; };
		460BF20028859C2500BD17D0 /* FloritUITests.swift */ = {isa = PBXFileReference; lastKnownFileType = sourcecode.swift; path = FloritUITests.swift; sourceTree = "<group>"; };
		460BF20228859C2500BD17D0 /* FloritUITestsLaunchTests.swift */ = {isa = PBXFileReference; lastKnownFileType = sourcecode.swift; path = FloritUITestsLaunchTests.swift; sourceTree = "<group>"; };
		46691589288FECBA0022A8DA /* FlowerClassifier.mlmodel */ = {isa = PBXFileReference; lastKnownFileType = file.mlmodel; path = FlowerClassifier.mlmodel; sourceTree = "<group>"; };
		4DA5EC164345FBC5E9C7BE77 /* Pods_Florit_FloritUITests.framework */ = {isa = PBXFileReference; explicitFileType = wrapper.framework; includeInIndex = 0; path = Pods_Florit_FloritUITests.framework; sourceTree = BUILT_PRODUCTS_DIR; };
		53A79AF13EB47E6F65F58761 /* Pods-Florit-FloritUITests.debug.xcconfig */ = {isa = PBXFileReference; includeInIndex = 1; lastKnownFileType = text.xcconfig; name = "Pods-Florit-FloritUITests.debug.xcconfig"; path = "Target Support Files/Pods-Florit-FloritUITests/Pods-Florit-FloritUITests.debug.xcconfig"; sourceTree = "<group>"; };
		A3EEE96591321BDFB71FF328 /* Pods-Florit.debug.xcconfig */ = {isa = PBXFileReference; includeInIndex = 1; lastKnownFileType = text.xcconfig; name = "Pods-Florit.debug.xcconfig"; path = "Target Support Files/Pods-Florit/Pods-Florit.debug.xcconfig"; sourceTree = "<group>"; };
		A9B213B1408D3E2E818FFCF3 /* Pods-FloritTests.release.xcconfig */ = {isa = PBXFileReference; includeInIndex = 1; lastKnownFileType = text.xcconfig; name = "Pods-FloritTests.release.xcconfig"; path = "Target Support Files/Pods-FloritTests/Pods-FloritTests.release.xcconfig"; sourceTree = "<group>"; };
		B9F270E3FCEB99506A4B60EA /* Pods-Florit-FloritUITests.release.xcconfig */ = {isa = PBXFileReference; includeInIndex = 1; lastKnownFileType = text.xcconfig; name = "Pods-Florit-FloritUITests.release.xcconfig"; path = "Target Support Files/Pods-Florit-FloritUITests/Pods-Florit-FloritUITests.release.xcconfig"; sourceTree = "<group>"; };
		BFC8BE7945C368723A4D959B /* Pods_FloritTests.framework */ = {isa = PBXFileReference; explicitFileType = wrapper.framework; includeInIndex = 0; path = Pods_FloritTests.framework; sourceTree = BUILT_PRODUCTS_DIR; };
		C538B2325D730FF86F532B64 /* Pods-FloritTests.debug.xcconfig */ = {isa = PBXFileReference; includeInIndex = 1; lastKnownFileType = text.xcconfig; name = "Pods-FloritTests.debug.xcconfig"; path = "Target Support Files/Pods-FloritTests/Pods-FloritTests.debug.xcconfig"; sourceTree = "<group>"; };
		D4DC17687BBDA3EE01A3F976 /* Pods_Florit.framework */ = {isa = PBXFileReference; explicitFileType = wrapper.framework; includeInIndex = 0; path = Pods_Florit.framework; sourceTree = BUILT_PRODUCTS_DIR; };
		FD86A46D09EEDE9B0D4EC1E0 /* Pods-Florit.release.xcconfig */ = {isa = PBXFileReference; includeInIndex = 1; lastKnownFileType = text.xcconfig; name = "Pods-Florit.release.xcconfig"; path = "Target Support Files/Pods-Florit/Pods-Florit.release.xcconfig"; sourceTree = "<group>"; };
/* End PBXFileReference section */

/* Begin PBXFrameworksBuildPhase section */
		460BF1D628859C2100BD17D0 /* Frameworks */ = {
			isa = PBXFrameworksBuildPhase;
			buildActionMask = 2147483647;
			files = (
				BC1A9C147DCA5A81BE0B8D11 /* Pods_Florit.framework in Frameworks */,
			);
			runOnlyForDeploymentPostprocessing = 0;
		};
		460BF1EF28859C2400BD17D0 /* Frameworks */ = {
			isa = PBXFrameworksBuildPhase;
			buildActionMask = 2147483647;
			files = (
				5B8ADFEAF8045AE4148B29D3 /* Pods_FloritTests.framework in Frameworks */,
			);
			runOnlyForDeploymentPostprocessing = 0;
		};
		460BF1F928859C2500BD17D0 /* Frameworks */ = {
			isa = PBXFrameworksBuildPhase;
			buildActionMask = 2147483647;
			files = (
				5D80C2BCFED6F1079C08E747 /* Pods_Florit_FloritUITests.framework in Frameworks */,
			);
			runOnlyForDeploymentPostprocessing = 0;
		};
/* End PBXFrameworksBuildPhase section */

/* Begin PBXGroup section */
		460BF1D028859C2100BD17D0 = {
			isa = PBXGroup;
			children = (
				460BF1DB28859C2100BD17D0 /* Florit */,
				460BF1F528859C2400BD17D0 /* FloritTests */,
				460BF1FF28859C2500BD17D0 /* FloritUITests */,
				460BF1DA28859C2100BD17D0 /* Products */,
				7B548BEB1E6488ECFBEF44F1 /* Pods */,
				7A29C7615D545667B5D3B10A /* Frameworks */,
			);
			sourceTree = "<group>";
		};
		460BF1DA28859C2100BD17D0 /* Products */ = {
			isa = PBXGroup;
			children = (
				460BF1D928859C2100BD17D0 /* Florit.app */,
				460BF1F228859C2400BD17D0 /* FloritTests.xctest */,
				460BF1FC28859C2500BD17D0 /* FloritUITests.xctest */,
			);
			name = Products;
			sourceTree = "<group>";
		};
		460BF1DB28859C2100BD17D0 /* Florit */ = {
			isa = PBXGroup;
			children = (
				460BF1DC28859C2100BD17D0 /* AppDelegate.swift */,
				460BF1DE28859C2100BD17D0 /* SceneDelegate.swift */,
				460BF1E028859C2100BD17D0 /* ViewController.swift */,
				460BF1E228859C2100BD17D0 /* Main.storyboard */,
				46691589288FECBA0022A8DA /* FlowerClassifier.mlmodel */,
				460BF1E828859C2400BD17D0 /* Assets.xcassets */,
				460BF1EA28859C2400BD17D0 /* LaunchScreen.storyboard */,
				460BF1ED28859C2400BD17D0 /* Info.plist */,
				460BF1E528859C2100BD17D0 /* Florit.xcdatamodeld */,
			);
			path = Florit;
			sourceTree = "<group>";
		};
		460BF1F528859C2400BD17D0 /* FloritTests */ = {
			isa = PBXGroup;
			children = (
				460BF1F628859C2400BD17D0 /* FloritTests.swift */,
			);
			path = FloritTests;
			sourceTree = "<group>";
		};
		460BF1FF28859C2500BD17D0 /* FloritUITests */ = {
			isa = PBXGroup;
			children = (
				460BF20028859C2500BD17D0 /* FloritUITests.swift */,
				460BF20228859C2500BD17D0 /* FloritUITestsLaunchTests.swift */,
			);
			path = FloritUITests;
			sourceTree = "<group>";
		};
		7A29C7615D545667B5D3B10A /* Frameworks */ = {
			isa = PBXGroup;
			children = (
				D4DC17687BBDA3EE01A3F976 /* Pods_Florit.framework */,
				4DA5EC164345FBC5E9C7BE77 /* Pods_Florit_FloritUITests.framework */,
				BFC8BE7945C368723A4D959B /* Pods_FloritTests.framework */,
			);
			name = Frameworks;
			sourceTree = "<group>";
		};
		7B548BEB1E6488ECFBEF44F1 /* Pods */ = {
			isa = PBXGroup;
			children = (
				A3EEE96591321BDFB71FF328 /* Pods-Florit.debug.xcconfig */,
				FD86A46D09EEDE9B0D4EC1E0 /* Pods-Florit.release.xcconfig */,
				53A79AF13EB47E6F65F58761 /* Pods-Florit-FloritUITests.debug.xcconfig */,
				B9F270E3FCEB99506A4B60EA /* Pods-Florit-FloritUITests.release.xcconfig */,
				C538B2325D730FF86F532B64 /* Pods-FloritTests.debug.xcconfig */,
				A9B213B1408D3E2E818FFCF3 /* Pods-FloritTests.release.xcconfig */,
			);
			path = Pods;
			sourceTree = "<group>";
		};
/* End PBXGroup section */

/* Begin PBXNativeTarget section */
		460BF1D828859C2100BD17D0 /* Florit */ = {
			isa = PBXNativeTarget;
			buildConfigurationList = 460BF20628859C2500BD17D0 /* Build configuration list for PBXNativeTarget "Florit" */;
			buildPhases = (
				F628E28244FF1DE1F23AC163 /* [CP] Check Pods Manifest.lock */,
				460BF1D528859C2100BD17D0 /* Sources */,
				460BF1D628859C2100BD17D0 /* Frameworks */,
				460BF1D728859C2100BD17D0 /* Resources */,
				5B8F34491B3181987A0BC730 /* [CP] Embed Pods Frameworks */,
			);
			buildRules = (
			);
			dependencies = (
			);
			name = Florit;
			productName = Florit;
			productReference = 460BF1D928859C2100BD17D0 /* Florit.app */;
			productType = "com.apple.product-type.application";
		};
		460BF1F128859C2400BD17D0 /* FloritTests */ = {
			isa = PBXNativeTarget;
			buildConfigurationList = 460BF20928859C2500BD17D0 /* Build configuration list for PBXNativeTarget "FloritTests" */;
			buildPhases = (
				F1C47AFCC43519ABD629FCA6 /* [CP] Check Pods Manifest.lock */,
				460BF1EE28859C2400BD17D0 /* Sources */,
				460BF1EF28859C2400BD17D0 /* Frameworks */,
				460BF1F028859C2400BD17D0 /* Resources */,
			);
			buildRules = (
			);
			dependencies = (
				460BF1F428859C2400BD17D0 /* PBXTargetDependency */,
			);
			name = FloritTests;
			productName = FloritTests;
			productReference = 460BF1F228859C2400BD17D0 /* FloritTests.xctest */;
			productType = "com.apple.product-type.bundle.unit-test";
		};
		460BF1FB28859C2500BD17D0 /* FloritUITests */ = {
			isa = PBXNativeTarget;
			buildConfigurationList = 460BF20C28859C2500BD17D0 /* Build configuration list for PBXNativeTarget "FloritUITests" */;
			buildPhases = (
				404311E9BA15580CD3F9B942 /* [CP] Check Pods Manifest.lock */,
				460BF1F828859C2500BD17D0 /* Sources */,
				460BF1F928859C2500BD17D0 /* Frameworks */,
				460BF1FA28859C2500BD17D0 /* Resources */,
				BA634C35956DC5BB1C4AF967 /* [CP] Embed Pods Frameworks */,
			);
			buildRules = (
			);
			dependencies = (
				460BF1FE28859C2500BD17D0 /* PBXTargetDependency */,
			);
			name = FloritUITests;
			productName = FloritUITests;
			productReference = 460BF1FC28859C2500BD17D0 /* FloritUITests.xctest */;
			productType = "com.apple.product-type.bundle.ui-testing";
		};
/* End PBXNativeTarget section */

/* Begin PBXProject section */
		460BF1D128859C2100BD17D0 /* Project object */ = {
			isa = PBXProject;
			attributes = {
				BuildIndependentTargetsInParallel = 1;
				LastSwiftUpdateCheck = 1340;
				LastUpgradeCheck = 1340;
				TargetAttributes = {
					460BF1D828859C2100BD17D0 = {
						CreatedOnToolsVersion = 13.4;
					};
					460BF1F128859C2400BD17D0 = {
						CreatedOnToolsVersion = 13.4;
						TestTargetID = 460BF1D828859C2100BD17D0;
					};
					460BF1FB28859C2500BD17D0 = {
						CreatedOnToolsVersion = 13.4;
						TestTargetID = 460BF1D828859C2100BD17D0;
					};
				};
			};
			buildConfigurationList = 460BF1D428859C2100BD17D0 /* Build configuration list for PBXProject "Florit" */;
			compatibilityVersion = "Xcode 13.0";
			developmentRegion = en;
			hasScannedForEncodings = 0;
			knownRegions = (
				en,
				Base,
			);
			mainGroup = 460BF1D028859C2100BD17D0;
			productRefGroup = 460BF1DA28859C2100BD17D0 /* Products */;
			projectDirPath = "";
			projectRoot = "";
			targets = (
				460BF1D828859C2100BD17D0 /* Florit */,
				460BF1F128859C2400BD17D0 /* FloritTests */,
				460BF1FB28859C2500BD17D0 /* FloritUITests */,
			);
		};
/* End PBXProject section */

/* Begin PBXResourcesBuildPhase section */
		460BF1D728859C2100BD17D0 /* Resources */ = {
			isa = PBXResourcesBuildPhase;
			buildActionMask = 2147483647;
			files = (
				460BF1EC28859C2400BD17D0 /* LaunchScreen.storyboard in Resources */,
				460BF1E928859C2400BD17D0 /* Assets.xcassets in Resources */,
				460BF1E428859C2100BD17D0 /* Main.storyboard in Resources */,
			);
			runOnlyForDeploymentPostprocessing = 0;
		};
		460BF1F028859C2400BD17D0 /* Resources */ = {
			isa = PBXResourcesBuildPhase;
			buildActionMask = 2147483647;
			files = (
			);
			runOnlyForDeploymentPostprocessing = 0;
		};
		460BF1FA28859C2500BD17D0 /* Resources */ = {
			isa = PBXResourcesBuildPhase;
			buildActionMask = 2147483647;
			files = (
			);
			runOnlyForDeploymentPostprocessing = 0;
		};
/* End PBXResourcesBuildPhase section */

/* Begin PBXShellScriptBuildPhase section */
		404311E9BA15580CD3F9B942 /* [CP] Check Pods Manifest.lock */ = {
			isa = PBXShellScriptBuildPhase;
			buildActionMask = 2147483647;
			files = (
			);
			inputFileListPaths = (
			);
			inputPaths = (
				"${PODS_PODFILE_DIR_PATH}/Podfile.lock",
				"${PODS_ROOT}/Manifest.lock",
			);
			name = "[CP] Check Pods Manifest.lock";
			outputFileListPaths = (
			);
			outputPaths = (
				"$(DERIVED_FILE_DIR)/Pods-Florit-FloritUITests-checkManifestLockResult.txt",
			);
			runOnlyForDeploymentPostprocessing = 0;
			shellPath = /bin/sh;
			shellScript = "diff \"${PODS_PODFILE_DIR_PATH}/Podfile.lock\" \"${PODS_ROOT}/Manifest.lock\" > /dev/null\nif [ $? != 0 ] ; then\n    # print error to STDERR\n    echo \"error: The sandbox is not in sync with the Podfile.lock. Run 'pod install' or update your CocoaPods installation.\" >&2\n    exit 1\nfi\n# This output is used by Xcode 'outputs' to avoid re-running this script phase.\necho \"SUCCESS\" > \"${SCRIPT_OUTPUT_FILE_0}\"\n";
			showEnvVarsInLog = 0;
		};
		5B8F34491B3181987A0BC730 /* [CP] Embed Pods Frameworks */ = {
			isa = PBXShellScriptBuildPhase;
			buildActionMask = 2147483647;
			files = (
			);
			inputFileListPaths = (
				"${PODS_ROOT}/Target Support Files/Pods-Florit/Pods-Florit-frameworks-${CONFIGURATION}-input-files.xcfilelist",
			);
			name = "[CP] Embed Pods Frameworks";
			outputFileListPaths = (
				"${PODS_ROOT}/Target Support Files/Pods-Florit/Pods-Florit-frameworks-${CONFIGURATION}-output-files.xcfilelist",
			);
			runOnlyForDeploymentPostprocessing = 0;
			shellPath = /bin/sh;
			shellScript = "\"${PODS_ROOT}/Target Support Files/Pods-Florit/Pods-Florit-frameworks.sh\"\n";
			showEnvVarsInLog = 0;
		};
		BA634C35956DC5BB1C4AF967 /* [CP] Embed Pods Frameworks */ = {
			isa = PBXShellScriptBuildPhase;
			buildActionMask = 2147483647;
			files = (
			);
			inputFileListPaths = (
				"${PODS_ROOT}/Target Support Files/Pods-Florit-FloritUITests/Pods-Florit-FloritUITests-frameworks-${CONFIGURATION}-input-files.xcfilelist",
			);
			name = "[CP] Embed Pods Frameworks";
			outputFileListPaths = (
				"${PODS_ROOT}/Target Support Files/Pods-Florit-FloritUITests/Pods-Florit-FloritUITests-frameworks-${CONFIGURATION}-output-files.xcfilelist",
			);
			runOnlyForDeploymentPostprocessing = 0;
			shellPath = /bin/sh;
			shellScript = "\"${PODS_ROOT}/Target Support Files/Pods-Florit-FloritUITests/Pods-Florit-FloritUITests-frameworks.sh\"\n";
			showEnvVarsInLog = 0;
		};
		F1C47AFCC43519ABD629FCA6 /* [CP] Check Pods Manifest.lock */ = {
			isa = PBXShellScriptBuildPhase;
			buildActionMask = 2147483647;
			files = (
			);
			inputFileListPaths = (
			);
			inputPaths = (
				"${PODS_PODFILE_DIR_PATH}/Podfile.lock",
				"${PODS_ROOT}/Manifest.lock",
			);
			name = "[CP] Check Pods Manifest.lock";
			outputFileListPaths = (
			);
			outputPaths = (
				"$(DERIVED_FILE_DIR)/Pods-FloritTests-checkManifestLockResult.txt",
			);
			runOnlyForDeploymentPostprocessing = 0;
			shellPath = /bin/sh;
			shellScript = "diff \"${PODS_PODFILE_DIR_PATH}/Podfile.lock\" \"${PODS_ROOT}/Manifest.lock\" > /dev/null\nif [ $? != 0 ] ; then\n    # print error to STDERR\n    echo \"error: The sandbox is not in sync with the Podfile.lock. Run 'pod install' or update your CocoaPods installation.\" >&2\n    exit 1\nfi\n# This output is used by Xcode 'outputs' to avoid re-running this script phase.\necho \"SUCCESS\" > \"${SCRIPT_OUTPUT_FILE_0}\"\n";
			showEnvVarsInLog = 0;
		};
		F628E28244FF1DE1F23AC163 /* [CP] Check Pods Manifest.lock */ = {
			isa = PBXShellScriptBuildPhase;
			buildActionMask = 2147483647;
			files = (
			);
			inputFileListPaths = (
			);
			inputPaths = (
				"${PODS_PODFILE_DIR_PATH}/Podfile.lock",
				"${PODS_ROOT}/Manifest.lock",
			);
			name = "[CP] Check Pods Manifest.lock";
			outputFileListPaths = (
			);
			outputPaths = (
				"$(DERIVED_FILE_DIR)/Pods-Florit-checkManifestLockResult.txt",
			);
			runOnlyForDeploymentPostprocessing = 0;
			shellPath = /bin/sh;
			shellScript = "diff \"${PODS_PODFILE_DIR_PATH}/Podfile.lock\" \"${PODS_ROOT}/Manifest.lock\" > /dev/null\nif [ $? != 0 ] ; then\n    # print error to STDERR\n    echo \"error: The sandbox is not in sync with the Podfile.lock. Run 'pod install' or update your CocoaPods installation.\" >&2\n    exit 1\nfi\n# This output is used by Xcode 'outputs' to avoid re-running this script phase.\necho \"SUCCESS\" > \"${SCRIPT_OUTPUT_FILE_0}\"\n";
			showEnvVarsInLog = 0;
		};
/* End PBXShellScriptBuildPhase section */

/* Begin PBXSourcesBuildPhase section */
		460BF1D528859C2100BD17D0 /* Sources */ = {
			isa = PBXSourcesBuildPhase;
			buildActionMask = 2147483647;
			files = (
				460BF1E128859C2100BD17D0 /* ViewController.swift in Sources */,
				460BF1DD28859C2100BD17D0 /* AppDelegate.swift in Sources */,
				460BF1DF28859C2100BD17D0 /* SceneDelegate.swift in Sources */,
				4669158A288FECBA0022A8DA /* FlowerClassifier.mlmodel in Sources */,
				460BF1E728859C2100BD17D0 /* Florit.xcdatamodeld in Sources */,
			);
			runOnlyForDeploymentPostprocessing = 0;
		};
		460BF1EE28859C2400BD17D0 /* Sources */ = {
			isa = PBXSourcesBuildPhase;
			buildActionMask = 2147483647;
			files = (
				460BF1F728859C2400BD17D0 /* FloritTests.swift in Sources */,
			);
			runOnlyForDeploymentPostprocessing = 0;
		};
		460BF1F828859C2500BD17D0 /* Sources */ = {
			isa = PBXSourcesBuildPhase;
			buildActionMask = 2147483647;
			files = (
				460BF20328859C2500BD17D0 /* FloritUITestsLaunchTests.swift in Sources */,
				460BF20128859C2500BD17D0 /* FloritUITests.swift in Sources */,
			);
			runOnlyForDeploymentPostprocessing = 0;
		};
/* End PBXSourcesBuildPhase section */

/* Begin PBXTargetDependency section */
		460BF1F428859C2400BD17D0 /* PBXTargetDependency */ = {
			isa = PBXTargetDependency;
			target = 460BF1D828859C2100BD17D0 /* Florit */;
			targetProxy = 460BF1F328859C2400BD17D0 /* PBXContainerItemProxy */;
		};
		460BF1FE28859C2500BD17D0 /* PBXTargetDependency */ = {
			isa = PBXTargetDependency;
			target = 460BF1D828859C2100BD17D0 /* Florit */;
			targetProxy = 460BF1FD28859C2500BD17D0 /* PBXContainerItemProxy */;
		};
/* End PBXTargetDependency section */

/* Begin PBXVariantGroup section */
		460BF1E228859C2100BD17D0 /* Main.storyboard */ = {
			isa = PBXVariantGroup;
			children = (
				460BF1E328859C2100BD17D0 /* Base */,
			);
			name = Main.storyboard;
			sourceTree = "<group>";
		};
		460BF1EA28859C2400BD17D0 /* LaunchScreen.storyboard */ = {
			isa = PBXVariantGroup;
			children = (
				460BF1EB28859C2400BD17D0 /* Base */,
			);
			name = LaunchScreen.storyboard;
			sourceTree = "<group>";
		};
/* End PBXVariantGroup section */

/* Begin XCBuildConfiguration section */
		460BF20428859C2500BD17D0 /* Debug */ = {
			isa = XCBuildConfiguration;
			buildSettings = {
				ALWAYS_SEARCH_USER_PATHS = NO;
				CLANG_ANALYZER_NONNULL = YES;
				CLANG_ANALYZER_NUMBER_OBJECT_CONVERSION = YES_AGGRESSIVE;
				CLANG_CXX_LANGUAGE_STANDARD = "gnu++17";
				CLANG_ENABLE_MODULES = YES;
				CLANG_ENABLE_OBJC_ARC = YES;
				CLANG_ENABLE_OBJC_WEAK = YES;
				CLANG_WARN_BLOCK_CAPTURE_AUTORELEASING = YES;
				CLANG_WARN_BOOL_CONVERSION = YES;
				CLANG_WARN_COMMA = YES;
				CLANG_WARN_CONSTANT_CONVERSION = YES;
				CLANG_WARN_DEPRECATED_OBJC_IMPLEMENTATIONS = YES;
				CLANG_WARN_DIRECT_OBJC_ISA_USAGE = YES_ERROR;
				CLANG_WARN_DOCUMENTATION_COMMENTS = YES;
				CLANG_WARN_EMPTY_BODY = YES;
				CLANG_WARN_ENUM_CONVERSION = YES;
				CLANG_WARN_INFINITE_RECURSION = YES;
				CLANG_WARN_INT_CONVERSION = YES;
				CLANG_WARN_NON_LITERAL_NULL_CONVERSION = YES;
				CLANG_WARN_OBJC_IMPLICIT_RETAIN_SELF = YES;
				CLANG_WARN_OBJC_LITERAL_CONVERSION = YES;
				CLANG_WARN_OBJC_ROOT_CLASS = YES_ERROR;
				CLANG_WARN_QUOTED_INCLUDE_IN_FRAMEWORK_HEADER = YES;
				CLANG_WARN_RANGE_LOOP_ANALYSIS = YES;
				CLANG_WARN_STRICT_PROTOTYPES = YES;
				CLANG_WARN_SUSPICIOUS_MOVE = YES;
				CLANG_WARN_UNGUARDED_AVAILABILITY = YES_AGGRESSIVE;
				CLANG_WARN_UNREACHABLE_CODE = YES;
				CLANG_WARN__DUPLICATE_METHOD_MATCH = YES;
				COPY_PHASE_STRIP = NO;
				DEBUG_INFORMATION_FORMAT = dwarf;
				ENABLE_STRICT_OBJC_MSGSEND = YES;
				ENABLE_TESTABILITY = YES;
				GCC_C_LANGUAGE_STANDARD = gnu11;
				GCC_DYNAMIC_NO_PIC = NO;
				GCC_NO_COMMON_BLOCKS = YES;
				GCC_OPTIMIZATION_LEVEL = 0;
				GCC_PREPROCESSOR_DEFINITIONS = (
					"DEBUG=1",
					"$(inherited)",
				);
				GCC_WARN_64_TO_32_BIT_CONVERSION = YES;
				GCC_WARN_ABOUT_RETURN_TYPE = YES_ERROR;
				GCC_WARN_UNDECLARED_SELECTOR = YES;
				GCC_WARN_UNINITIALIZED_AUTOS = YES_AGGRESSIVE;
				GCC_WARN_UNUSED_FUNCTION = YES;
				GCC_WARN_UNUSED_VARIABLE = YES;
				IPHONEOS_DEPLOYMENT_TARGET = 15.5;
				MTL_ENABLE_DEBUG_INFO = INCLUDE_SOURCE;
				MTL_FAST_MATH = YES;
				ONLY_ACTIVE_ARCH = YES;
				SDKROOT = iphoneos;
				SWIFT_ACTIVE_COMPILATION_CONDITIONS = DEBUG;
				SWIFT_OPTIMIZATION_LEVEL = "-Onone";
			};
			name = Debug;
		};
		460BF20528859C2500BD17D0 /* Release */ = {
			isa = XCBuildConfiguration;
			buildSettings = {
				ALWAYS_SEARCH_USER_PATHS = NO;
				CLANG_ANALYZER_NONNULL = YES;
				CLANG_ANALYZER_NUMBER_OBJECT_CONVERSION = YES_AGGRESSIVE;
				CLANG_CXX_LANGUAGE_STANDARD = "gnu++17";
				CLANG_ENABLE_MODULES = YES;
				CLANG_ENABLE_OBJC_ARC = YES;
				CLANG_ENABLE_OBJC_WEAK = YES;
				CLANG_WARN_BLOCK_CAPTURE_AUTORELEASING = YES;
				CLANG_WARN_BOOL_CONVERSION = YES;
				CLANG_WARN_COMMA = YES;
				CLANG_WARN_CONSTANT_CONVERSION = YES;
				CLANG_WARN_DEPRECATED_OBJC_IMPLEMENTATIONS = YES;
				CLANG_WARN_DIRECT_OBJC_ISA_USAGE = YES_ERROR;
				CLANG_WARN_DOCUMENTATION_COMMENTS = YES;
				CLANG_WARN_EMPTY_BODY = YES;
				CLANG_WARN_ENUM_CONVERSION = YES;
				CLANG_WARN_INFINITE_RECURSION = YES;
				CLANG_WARN_INT_CONVERSION = YES;
				CLANG_WARN_NON_LITERAL_NULL_CONVERSION = YES;
				CLANG_WARN_OBJC_IMPLICIT_RETAIN_SELF = YES;
				CLANG_WARN_OBJC_LITERAL_CONVERSION = YES;
				CLANG_WARN_OBJC_ROOT_CLASS = YES_ERROR;
				CLANG_WARN_QUOTED_INCLUDE_IN_FRAMEWORK_HEADER = YES;
				CLANG_WARN_RANGE_LOOP_ANALYSIS = YES;
				CLANG_WARN_STRICT_PROTOTYPES = YES;
				CLANG_WARN_SUSPICIOUS_MOVE = YES;
				CLANG_WARN_UNGUARDED_AVAILABILITY = YES_AGGRESSIVE;
				CLANG_WARN_UNREACHABLE_CODE = YES;
				CLANG_WARN__DUPLICATE_METHOD_MATCH = YES;
				COPY_PHASE_STRIP = NO;
				DEBUG_INFORMATION_FORMAT = "dwarf-with-dsym";
				ENABLE_NS_ASSERTIONS = NO;
				ENABLE_STRICT_OBJC_MSGSEND = YES;
				GCC_C_LANGUAGE_STANDARD = gnu11;
				GCC_NO_COMMON_BLOCKS = YES;
				GCC_WARN_64_TO_32_BIT_CONVERSION = YES;
				GCC_WARN_ABOUT_RETURN_TYPE = YES_ERROR;
				GCC_WARN_UNDECLARED_SELECTOR = YES;
				GCC_WARN_UNINITIALIZED_AUTOS = YES_AGGRESSIVE;
				GCC_WARN_UNUSED_FUNCTION = YES;
				GCC_WARN_UNUSED_VARIABLE = YES;
				IPHONEOS_DEPLOYMENT_TARGET = 15.5;
				MTL_ENABLE_DEBUG_INFO = NO;
				MTL_FAST_MATH = YES;
				SDKROOT = iphoneos;
				SWIFT_COMPILATION_MODE = wholemodule;
				SWIFT_OPTIMIZATION_LEVEL = "-O";
				VALIDATE_PRODUCT = YES;
			};
			name = Release;
		};
		460BF20728859C2500BD17D0 /* Debug */ = {
			isa = XCBuildConfiguration;
			baseConfigurationReference = A3EEE96591321BDFB71FF328 /* Pods-Florit.debug.xcconfig */;
			buildSettings = {
				ASSETCATALOG_COMPILER_APPICON_NAME = AppIcon;
				ASSETCATALOG_COMPILER_GLOBAL_ACCENT_COLOR_NAME = AccentColor;
				CODE_SIGN_STYLE = Automatic;
				CURRENT_PROJECT_VERSION = 1;
				DEVELOPMENT_TEAM = V87MRS8SX2;
				GENERATE_INFOPLIST_FILE = YES;
				INFOPLIST_FILE = Florit/Info.plist;
				INFOPLIST_KEY_UIApplicationSupportsIndirectInputEvents = YES;
				INFOPLIST_KEY_UILaunchStoryboardName = LaunchScreen;
				INFOPLIST_KEY_UIMainStoryboardFile = Main;
				INFOPLIST_KEY_UISupportedInterfaceOrientations_iPad = "UIInterfaceOrientationPortrait UIInterfaceOrientationPortraitUpsideDown UIInterfaceOrientationLandscapeLeft UIInterfaceOrientationLandscapeRight";
				INFOPLIST_KEY_UISupportedInterfaceOrientations_iPhone = "UIInterfaceOrientationPortrait UIInterfaceOrientationLandscapeLeft UIInterfaceOrientationLandscapeRight";
				LD_RUNPATH_SEARCH_PATHS = (
					"$(inherited)",
					"@executable_path/Frameworks",
				);
				MARKETING_VERSION = 1.0;
				PRODUCT_BUNDLE_IDENTIFIER = com.iv.Florit;
				PRODUCT_NAME = "$(TARGET_NAME)";
				SWIFT_EMIT_LOC_STRINGS = YES;
				SWIFT_VERSION = 5.0;
				TARGETED_DEVICE_FAMILY = "1,2";
			};
			name = Debug;
		};
		460BF20828859C2500BD17D0 /* Release */ = {
			isa = XCBuildConfiguration;
			baseConfigurationReference = FD86A46D09EEDE9B0D4EC1E0 /* Pods-Florit.release.xcconfig */;
			buildSettings = {
				ASSETCATALOG_COMPILER_APPICON_NAME = AppIcon;
				ASSETCATALOG_COMPILER_GLOBAL_ACCENT_COLOR_NAME = AccentColor;
				CODE_SIGN_STYLE = Automatic;
				CURRENT_PROJECT_VERSION = 1;
				DEVELOPMENT_TEAM = V87MRS8SX2;
				GENERATE_INFOPLIST_FILE = YES;
				INFOPLIST_FILE = Florit/Info.plist;
				INFOPLIST_KEY_UIApplicationSupportsIndirectInputEvents = YES;
				INFOPLIST_KEY_UILaunchStoryboardName = LaunchScreen;
				INFOPLIST_KEY_UIMainStoryboardFile = Main;
				INFOPLIST_KEY_UISupportedInterfaceOrientations_iPad = "UIInterfaceOrientationPortrait UIInterfaceOrientationPortraitUpsideDown UIInterfaceOrientationLandscapeLeft UIInterfaceOrientationLandscapeRight";
				INFOPLIST_KEY_UISupportedInterfaceOrientations_iPhone = "UIInterfaceOrientationPortrait UIInterfaceOrientationLandscapeLeft UIInterfaceOrientationLandscapeRight";
				LD_RUNPATH_SEARCH_PATHS = (
					"$(inherited)",
					"@executable_path/Frameworks",
				);
				MARKETING_VERSION = 1.0;
				PRODUCT_BUNDLE_IDENTIFIER = com.iv.Florit;
				PRODUCT_NAME = "$(TARGET_NAME)";
				SWIFT_EMIT_LOC_STRINGS = YES;
				SWIFT_VERSION = 5.0;
				TARGETED_DEVICE_FAMILY = "1,2";
			};
			name = Release;
		};
		460BF20A28859C2500BD17D0 /* Debug */ = {
			isa = XCBuildConfiguration;
			baseConfigurationReference = C538B2325D730FF86F532B64 /* Pods-FloritTests.debug.xcconfig */;
			buildSettings = {
				ALWAYS_EMBED_SWIFT_STANDARD_LIBRARIES = YES;
				BUNDLE_LOADER = "$(TEST_HOST)";
				CODE_SIGN_STYLE = Automatic;
				CURRENT_PROJECT_VERSION = 1;
				DEVELOPMENT_TEAM = V87MRS8SX2;
				GENERATE_INFOPLIST_FILE = YES;
				IPHONEOS_DEPLOYMENT_TARGET = 15.5;
				MARKETING_VERSION = 1.0;
				PRODUCT_BUNDLE_IDENTIFIER = com.iv.FloritTests;
				PRODUCT_NAME = "$(TARGET_NAME)";
				SWIFT_EMIT_LOC_STRINGS = NO;
				SWIFT_VERSION = 5.0;
				TARGETED_DEVICE_FAMILY = "1,2";
				TEST_HOST = "$(BUILT_PRODUCTS_DIR)/Florit.app/Florit";
			};
			name = Debug;
		};
		460BF20B28859C2500BD17D0 /* Release */ = {
			isa = XCBuildConfiguration;
			baseConfigurationReference = A9B213B1408D3E2E818FFCF3 /* Pods-FloritTests.release.xcconfig */;
			buildSettings = {
				ALWAYS_EMBED_SWIFT_STANDARD_LIBRARIES = YES;
				BUNDLE_LOADER = "$(TEST_HOST)";
				CODE_SIGN_STYLE = Automatic;
				CURRENT_PROJECT_VERSION = 1;
				DEVELOPMENT_TEAM = V87MRS8SX2;
				GENERATE_INFOPLIST_FILE = YES;
				IPHONEOS_DEPLOYMENT_TARGET = 15.5;
				MARKETING_VERSION = 1.0;
				PRODUCT_BUNDLE_IDENTIFIER = com.iv.FloritTests;
				PRODUCT_NAME = "$(TARGET_NAME)";
				SWIFT_EMIT_LOC_STRINGS = NO;
				SWIFT_VERSION = 5.0;
				TARGETED_DEVICE_FAMILY = "1,2";
				TEST_HOST = "$(BUILT_PRODUCTS_DIR)/Florit.app/Florit";
			};
			name = Release;
		};
		460BF20D28859C2500BD17D0 /* Debug */ = {
			isa = XCBuildConfiguration;
			baseConfigurationReference = 53A79AF13EB47E6F65F58761 /* Pods-Florit-FloritUITests.debug.xcconfig */;
			buildSettings = {
				ALWAYS_EMBED_SWIFT_STANDARD_LIBRARIES = YES;
				CODE_SIGN_STYLE = Automatic;
				CURRENT_PROJECT_VERSION = 1;
				DEVELOPMENT_TEAM = V87MRS8SX2;
				GENERATE_INFOPLIST_FILE = YES;
				MARKETING_VERSION = 1.0;
				PRODUCT_BUNDLE_IDENTIFIER = com.iv.FloritUITests;
				PRODUCT_NAME = "$(TARGET_NAME)";
				SWIFT_EMIT_LOC_STRINGS = NO;
				SWIFT_VERSION = 5.0;
				TARGETED_DEVICE_FAMILY = "1,2";
				TEST_TARGET_NAME = Florit;
			};
			name = Debug;
		};
		460BF20E28859C2500BD17D0 /* Release */ = {
			isa = XCBuildConfiguration;
			baseConfigurationReference = B9F270E3FCEB99506A4B60EA /* Pods-Florit-FloritUITests.release.xcconfig */;
			buildSettings = {
				ALWAYS_EMBED_SWIFT_STANDARD_LIBRARIES = YES;
				CODE_SIGN_STYLE = Automatic;
				CURRENT_PROJECT_VERSION = 1;
				DEVELOPMENT_TEAM = V87MRS8SX2;
				GENERATE_INFOPLIST_FILE = YES;
				MARKETING_VERSION = 1.0;
				PRODUCT_BUNDLE_IDENTIFIER = com.iv.FloritUITests;
				PRODUCT_NAME = "$(TARGET_NAME)";
				SWIFT_EMIT_LOC_STRINGS = NO;
				SWIFT_VERSION = 5.0;
				TARGETED_DEVICE_FAMILY = "1,2";
				TEST_TARGET_NAME = Florit;
			};
			name = Release;
		};
/* End XCBuildConfiguration section */

/* Begin XCConfigurationList section */
		460BF1D428859C2100BD17D0 /* Build configuration list for PBXProject "Florit" */ = {
			isa = XCConfigurationList;
			buildConfigurations = (
				460BF20428859C2500BD17D0 /* Debug */,
				460BF20528859C2500BD17D0 /* Release */,
			);
			defaultConfigurationIsVisible = 0;
			defaultConfigurationName = Release;
		};
		460BF20628859C2500BD17D0 /* Build configuration list for PBXNativeTarget "Florit" */ = {
			isa = XCConfigurationList;
			buildConfigurations = (
				460BF20728859C2500BD17D0 /* Debug */,
				460BF20828859C2500BD17D0 /* Release */,
			);
			defaultConfigurationIsVisible = 0;
			defaultConfigurationName = Release;
		};
		460BF20928859C2500BD17D0 /* Build configuration list for PBXNativeTarget "FloritTests" */ = {
			isa = XCConfigurationList;
			buildConfigurations = (
				460BF20A28859C2500BD17D0 /* Debug */,
				460BF20B28859C2500BD17D0 /* Release */,
			);
			defaultConfigurationIsVisible = 0;
			defaultConfigurationName = Release;
		};
		460BF20C28859C2500BD17D0 /* Build configuration list for PBXNativeTarget "FloritUITests" */ = {
			isa = XCConfigurationList;
			buildConfigurations = (
				460BF20D28859C2500BD17D0 /* Debug */,
				460BF20E28859C2500BD17D0 /* Release */,
			);
			defaultConfigurationIsVisible = 0;
			defaultConfigurationName = Release;
		};
/* End XCConfigurationList section */

/* Begin XCVersionGroup section */
		460BF1E528859C2100BD17D0 /* Florit.xcdatamodeld */ = {
			isa = XCVersionGroup;
			children = (
				460BF1E628859C2100BD17D0 /* Florit.xcdatamodel */,
			);
			currentVersion = 460BF1E628859C2100BD17D0 /* Florit.xcdatamodel */;
			path = Florit.xcdatamodeld;
			sourceTree = "<group>";
			versionGroupType = wrapper.xcdatamodel;
		};
/* End XCVersionGroup section */
	};
	rootObject = 460BF1D128859C2100BD17D0 /* Project object */;
}
